
Microsoft Visual Studio Solution File, Format Version 12.00
# Visual Studio Version 16
VisualStudioVersion = 16.0.30011.22
MinimumVisualStudioVersion = 10.0.40219.1
Project("{FAE04EC0-301F-11D3-BF4B-00C04F79EFBC}") = "SubscriptionServiceApi", "SubscriptionServiceApi\SubscriptionServiceApi.csproj", "{0D332389-5CD7-4F78-A272-ACD02556B88E}"
EndProject
Global
	GlobalSection(SolutionConfigurationPlatforms) = preSolution
		Debug|Any CPU = Debug|Any CPU
		Release|Any CPU = Release|Any CPU
	EndGlobalSection
	GlobalSection(ProjectConfigurationPlatforms) = postSolution
		{0D332389-5CD7-4F78-A272-ACD02556B88E}.Debug|Any CPU.ActiveCfg = Debug|Any CPU
		{0D332389-5CD7-4F78-A272-ACD02556B88E}.Debug|Any CPU.Build.0 = Debug|Any CPU
		{0D332389-5CD7-4F78-A272-ACD02556B88E}.Release|Any CPU.ActiveCfg = Release|Any CPU
		{0D332389-5CD7-4F78-A272-ACD02556B88E}.Release|Any CPU.Build.0 = Release|Any CPU
	EndGlobalSection
	GlobalSection(SolutionProperties) = preSolution
		HideSolutionNode = FALSE
	EndGlobalSection
	GlobalSection(ExtensibilityGlobals) = postSolution
		SolutionGuid = {1DD6F86C-9E09-4C5F-8CCC-A915D58575D4}
	EndGlobalSection
EndGlobal
